
Microsoft Visual Studio Solution File, Format Version 12.00
# Visual Studio 15
VisualStudioVersion = 15.0.27703.2018
MinimumVisualStudioVersion = 10.0.40219.1
Project("{FAE04EC0-301F-11D3-BF4B-00C04F79EFBC}") = "section9Directories", "section9Directories\section9Directories.csproj", "{B524EFD3-EE53-44CB-8159-604C728D0073}"
EndProject
Global
	GlobalSection(SolutionConfigurationPlatforms) = preSolution
		Debug|Any CPU = Debug|Any CPU
		Release|Any CPU = Release|Any CPU
	EndGlobalSection
	GlobalSection(ProjectConfigurationPlatforms) = postSolution
		{B524EFD3-EE53-44CB-8159-604C728D0073}.Debug|Any CPU.ActiveCfg = Debug|Any CPU
		{B524EFD3-EE53-44CB-8159-604C728D0073}.Debug|Any CPU.Build.0 = Debug|Any CPU
		{B524EFD3-EE53-44CB-8159-604C728D0073}.Release|Any CPU.ActiveCfg = Release|Any CPU
		{B524EFD3-EE53-44CB-8159-604C728D0073}.Release|Any CPU.Build.0 = Release|Any CPU
	EndGlobalSection
	GlobalSection(SolutionProperties) = preSolution
		HideSolutionNode = FALSE
	EndGlobalSection
	GlobalSection(ExtensibilityGlobals) = postSolution
		SolutionGuid = {1920421C-F518-4C46-B9D1-CBE79DC11925}
	EndGlobalSection
EndGlobal
