
Microsoft Visual Studio Solution File, Format Version 12.00
# Visual Studio 15
VisualStudioVersion = 15.0.27428.2043
MinimumVisualStudioVersion = 10.0.40219.1
Project("{FAE04EC0-301F-11D3-BF4B-00C04F79EFBC}") = "CSharpFundamentalsReferenceValueTypes", "CSharpFundamentalsReferenceValueTypes\CSharpFundamentalsReferenceValueTypes.csproj", "{FC4D453B-34F8-44AF-9A30-7DBEB16E9984}"
EndProject
Global
	GlobalSection(SolutionConfigurationPlatforms) = preSolution
		Debug|Any CPU = Debug|Any CPU
		Release|Any CPU = Release|Any CPU
	EndGlobalSection
	GlobalSection(ProjectConfigurationPlatforms) = postSolution
		{FC4D453B-34F8-44AF-9A30-7DBEB16E9984}.Debug|Any CPU.ActiveCfg = Debug|Any CPU
		{FC4D453B-34F8-44AF-9A30-7DBEB16E9984}.Debug|Any CPU.Build.0 = Debug|Any CPU
		{FC4D453B-34F8-44AF-9A30-7DBEB16E9984}.Release|Any CPU.ActiveCfg = Release|Any CPU
		{FC4D453B-34F8-44AF-9A30-7DBEB16E9984}.Release|Any CPU.Build.0 = Release|Any CPU
	EndGlobalSection
	GlobalSection(SolutionProperties) = preSolution
		HideSolutionNode = FALSE
	EndGlobalSection
	GlobalSection(ExtensibilityGlobals) = postSolution
		SolutionGuid = {61746CA8-9784-476B-98E8-E257A1DA2566}
	EndGlobalSection
EndGlobal
