
Microsoft Visual Studio Solution File, Format Version 12.00
# Visual Studio 15
VisualStudioVersion = 15.0.27428.2043
MinimumVisualStudioVersion = 10.0.40219.1
Project("{FAE04EC0-301F-11D3-BF4B-00C04F79EFBC}") = "Iterations", "Iterations\Iterations.csproj", "{B9FB7F0C-E2FA-44CB-98FF-E6911082F8F4}"
EndProject
Global
	GlobalSection(SolutionConfigurationPlatforms) = preSolution
		Debug|Any CPU = Debug|Any CPU
		Release|Any CPU = Release|Any CPU
	EndGlobalSection
	GlobalSection(ProjectConfigurationPlatforms) = postSolution
		{B9FB7F0C-E2FA-44CB-98FF-E6911082F8F4}.Debug|Any CPU.ActiveCfg = Debug|Any CPU
		{B9FB7F0C-E2FA-44CB-98FF-E6911082F8F4}.Debug|Any CPU.Build.0 = Debug|Any CPU
		{B9FB7F0C-E2FA-44CB-98FF-E6911082F8F4}.Release|Any CPU.ActiveCfg = Release|Any CPU
		{B9FB7F0C-E2FA-44CB-98FF-E6911082F8F4}.Release|Any CPU.Build.0 = Release|Any CPU
	EndGlobalSection
	GlobalSection(SolutionProperties) = preSolution
		HideSolutionNode = FALSE
	EndGlobalSection
	GlobalSection(ExtensibilityGlobals) = postSolution
		SolutionGuid = {5C4B9AD1-FA57-4ED6-BC96-E28A4EFBD180}
	EndGlobalSection
EndGlobal
