
Microsoft Visual Studio Solution File, Format Version 12.00
# Visual Studio 15
VisualStudioVersion = 15.0.27428.2043
MinimumVisualStudioVersion = 10.0.40219.1
Project("{FAE04EC0-301F-11D3-BF4B-00C04F79EFBC}") = "section5factorial", "section5factorial\section5factorial.csproj", "{298ACD31-2086-485B-A815-ED68CD556F43}"
EndProject
Global
	GlobalSection(SolutionConfigurationPlatforms) = preSolution
		Debug|Any CPU = Debug|Any CPU
		Release|Any CPU = Release|Any CPU
	EndGlobalSection
	GlobalSection(ProjectConfigurationPlatforms) = postSolution
		{298ACD31-2086-485B-A815-ED68CD556F43}.Debug|Any CPU.ActiveCfg = Debug|Any CPU
		{298ACD31-2086-485B-A815-ED68CD556F43}.Debug|Any CPU.Build.0 = Debug|Any CPU
		{298ACD31-2086-485B-A815-ED68CD556F43}.Release|Any CPU.ActiveCfg = Release|Any CPU
		{298ACD31-2086-485B-A815-ED68CD556F43}.Release|Any CPU.Build.0 = Release|Any CPU
	EndGlobalSection
	GlobalSection(SolutionProperties) = preSolution
		HideSolutionNode = FALSE
	EndGlobalSection
	GlobalSection(ExtensibilityGlobals) = postSolution
		SolutionGuid = {2F12CA56-3D66-4BCC-92A3-835BDD056B2D}
	EndGlobalSection
EndGlobal
